{
  "version": "5",
  "specifiers": {
    "jsr:@hono/hono@4.10.3": "4.10.3"
  },
  "jsr": {
    "@hono/hono@4.10.3": {
      "integrity": "d37db91cace43d80dccdbb49b396bd4f97e019c8566c20201cb1d9e4a3009e45"
    }
  },
  "workspace": {
    "packageJson": {
      "dependencies": [
        "npm:@cloudflare/vite-plugin@^1.13.15",
        "npm:@content-collections/core@~0.11.1",
        "npm:@content-collections/mdx@~0.2.2",
        "npm:@content-collections/vite@~0.2.7",
        "npm:@iconify-icon/react@^3.0.1",
        "npm:@nangohq/frontend@~0.69.5",
        "npm:@nangohq/node@~0.69.5",
        "npm:@sentry/tanstackstart-react@^10.22.0",
        "npm:@stripe/stripe-js@^8.1.0",
        "npm:@supabase/ssr@0.7",
        "npm:@supabase/supabase-js@^2.76.1",
        "npm:@t3-oss/env-core@~0.13.8",
        "npm:@tailwindcss/vite@^4.1.16",
        "npm:@tanstack/react-devtools@~0.7.7",
        "npm:@tanstack/react-form@^1.23.8",
        "npm:@tanstack/react-query-devtools@^5.90.2",
        "npm:@tanstack/react-query@^5.90.5",
        "npm:@tanstack/react-router-devtools@^1.133.25",
        "npm:@tanstack/react-router-ssr-query@^1.133.25",
        "npm:@tanstack/react-router@^1.133.25",
        "npm:@tanstack/react-start@^1.133.26",
        "npm:@tanstack/router-plugin@^1.133.25",
        "npm:@testing-library/dom@^10.4.1",
        "npm:@testing-library/react@^16.3.0",
        "npm:@types/node@^22.18.12",
        "npm:@types/react-dom@^19.2.2",
        "npm:@types/react@^19.2.2",
        "npm:@vitejs/plugin-react@^5.0.4",
        "npm:drizzle-orm@~0.44.7",
        "npm:env-cmd@11",
        "npm:exa-js@^1.10.2",
        "npm:jsdom@^27.0.1",
        "npm:lucide-react@0.544",
        "npm:postgres@^3.4.7",
        "npm:react-dom@^19.2.0",
        "npm:react@^19.2.0",
        "npm:stripe@^19.1.0",
        "npm:tailwindcss@^4.1.16",
        "npm:typescript@^5.9.3",
        "npm:vite-tsconfig-paths@^5.1.4",
        "npm:vite@^7.1.12",
        "npm:web-vitals@^5.1.0",
        "npm:wrangler@^4.45.0",
        "npm:zod@^4.1.12"
      ]
    }
  }
}
